
Microsoft Visual Studio Solution File, Format Version 12.00
# Visual Studio Version 17
VisualStudioVersion = 17.2.32630.192
MinimumVisualStudioVersion = 10.0.40219.1
Project("{FAE04EC0-301F-11D3-BF4B-00C04F79EFBC}") = "TangyWeb_Server", "TangyWeb_Server\TangyWeb_Server.csproj", "{48261056-7855-4CDB-907B-57A8918F5E13}"
EndProject
Global
	GlobalSection(SolutionConfigurationPlatforms) = preSolution
		Debug|Any CPU = Debug|Any CPU
		Release|Any CPU = Release|Any CPU
	EndGlobalSection
	GlobalSection(ProjectConfigurationPlatforms) = postSolution
		{48261056-7855-4CDB-907B-57A8918F5E13}.Debug|Any CPU.ActiveCfg = Debug|Any CPU
		{48261056-7855-4CDB-907B-57A8918F5E13}.Debug|Any CPU.Build.0 = Debug|Any CPU
		{48261056-7855-4CDB-907B-57A8918F5E13}.Release|Any CPU.ActiveCfg = Release|Any CPU
		{48261056-7855-4CDB-907B-57A8918F5E13}.Release|Any CPU.Build.0 = Release|Any CPU
	EndGlobalSection
	GlobalSection(SolutionProperties) = preSolution
		HideSolutionNode = FALSE
	EndGlobalSection
	GlobalSection(ExtensibilityGlobals) = postSolution
		SolutionGuid = {148747F5-531D-4BE2-AA90-6B247286010B}
	EndGlobalSection
EndGlobal
